
Microsoft Visual Studio Solution File, Format Version 12.00
Project("{FAE04EC0-301F-11D3-BF4B-00C04F79EFBC}") = "DoctorWho.Web", "DoctorWho.Web\DoctorWho.Web.csproj", "{3BB882AD-2319-4EC2-A777-85108B0BDD91}"
EndProject
Project("{FAE04EC0-301F-11D3-BF4B-00C04F79EFBC}") = "DoctorWho.Db", "..\Foothill\DoctorWho\DoctorWho\DoctorWho.Db\DoctorWho.Db.csproj", "{A71FFA1A-16A9-4179-B95A-A2A53D06F39B}"
EndProject
Global
	GlobalSection(SolutionConfigurationPlatforms) = preSolution
		Debug|Any CPU = Debug|Any CPU
		Release|Any CPU = Release|Any CPU
	EndGlobalSection
	GlobalSection(ProjectConfigurationPlatforms) = postSolution
		{3BB882AD-2319-4EC2-A777-85108B0BDD91}.Debug|Any CPU.ActiveCfg = Debug|Any CPU
		{3BB882AD-2319-4EC2-A777-85108B0BDD91}.Debug|Any CPU.Build.0 = Debug|Any CPU
		{3BB882AD-2319-4EC2-A777-85108B0BDD91}.Release|Any CPU.ActiveCfg = Release|Any CPU
		{3BB882AD-2319-4EC2-A777-85108B0BDD91}.Release|Any CPU.Build.0 = Release|Any CPU
		{A71FFA1A-16A9-4179-B95A-A2A53D06F39B}.Debug|Any CPU.ActiveCfg = Debug|Any CPU
		{A71FFA1A-16A9-4179-B95A-A2A53D06F39B}.Debug|Any CPU.Build.0 = Debug|Any CPU
		{A71FFA1A-16A9-4179-B95A-A2A53D06F39B}.Release|Any CPU.ActiveCfg = Release|Any CPU
		{A71FFA1A-16A9-4179-B95A-A2A53D06F39B}.Release|Any CPU.Build.0 = Release|Any CPU
	EndGlobalSection
	GlobalSection(NestedProjects) = preSolution
	EndGlobalSection
EndGlobal
